
Microsoft Visual Studio Solution File, Format Version 12.00
# Visual Studio Version 17
VisualStudioVersion = 17.4.33103.184
MinimumVisualStudioVersion = 10.0.40219.1
Project("{9A19103F-16F7-4668-BE54-9A1E7A4F7556}") = "Login.Service", "Login.Services\Login.Service.csproj", "{DBF4257D-AC3F-4315-AF1D-6030F5B226B1}"
EndProject
Project("{FAE04EC0-301F-11D3-BF4B-00C04F79EFBC}") = "Login.Repository", "Login.Repository\Login.Repository.csproj", "{11278905-08AB-4789-B889-24930E16C0AC}"
EndProject
Project("{FAE04EC0-301F-11D3-BF4B-00C04F79EFBC}") = "Login.Entities", "Login.Entities\Login.Entities.csproj", "{0D25A393-5D78-4A1F-B3FE-82BDB1A20E50}"
EndProject
Project("{FAE04EC0-301F-11D3-BF4B-00C04F79EFBC}") = "Login.UI", "Login.UI\Login.UI.csproj", "{2E8BD79B-FCBA-48A6-BA61-B5FB7974ED2E}"
EndProject
Global
	GlobalSection(SolutionConfigurationPlatforms) = preSolution
		Debug|Any CPU = Debug|Any CPU
		Release|Any CPU = Release|Any CPU
	EndGlobalSection
	GlobalSection(ProjectConfigurationPlatforms) = postSolution
		{DBF4257D-AC3F-4315-AF1D-6030F5B226B1}.Debug|Any CPU.ActiveCfg = Debug|Any CPU
		{DBF4257D-AC3F-4315-AF1D-6030F5B226B1}.Debug|Any CPU.Build.0 = Debug|Any CPU
		{DBF4257D-AC3F-4315-AF1D-6030F5B226B1}.Release|Any CPU.ActiveCfg = Release|Any CPU
		{DBF4257D-AC3F-4315-AF1D-6030F5B226B1}.Release|Any CPU.Build.0 = Release|Any CPU
		{11278905-08AB-4789-B889-24930E16C0AC}.Debug|Any CPU.ActiveCfg = Debug|Any CPU
		{11278905-08AB-4789-B889-24930E16C0AC}.Debug|Any CPU.Build.0 = Debug|Any CPU
		{11278905-08AB-4789-B889-24930E16C0AC}.Release|Any CPU.ActiveCfg = Release|Any CPU
		{11278905-08AB-4789-B889-24930E16C0AC}.Release|Any CPU.Build.0 = Release|Any CPU
		{0D25A393-5D78-4A1F-B3FE-82BDB1A20E50}.Debug|Any CPU.ActiveCfg = Debug|Any CPU
		{0D25A393-5D78-4A1F-B3FE-82BDB1A20E50}.Debug|Any CPU.Build.0 = Debug|Any CPU
		{0D25A393-5D78-4A1F-B3FE-82BDB1A20E50}.Release|Any CPU.ActiveCfg = Release|Any CPU
		{0D25A393-5D78-4A1F-B3FE-82BDB1A20E50}.Release|Any CPU.Build.0 = Release|Any CPU
		{2E8BD79B-FCBA-48A6-BA61-B5FB7974ED2E}.Debug|Any CPU.ActiveCfg = Debug|Any CPU
		{2E8BD79B-FCBA-48A6-BA61-B5FB7974ED2E}.Debug|Any CPU.Build.0 = Debug|Any CPU
		{2E8BD79B-FCBA-48A6-BA61-B5FB7974ED2E}.Release|Any CPU.ActiveCfg = Release|Any CPU
		{2E8BD79B-FCBA-48A6-BA61-B5FB7974ED2E}.Release|Any CPU.Build.0 = Release|Any CPU
	EndGlobalSection
	GlobalSection(SolutionProperties) = preSolution
		HideSolutionNode = FALSE
	EndGlobalSection
	GlobalSection(ExtensibilityGlobals) = postSolution
		SolutionGuid = {F3EEE630-C502-4223-93A7-B2F3FDB2C79C}
	EndGlobalSection
EndGlobal
